// !$*UTF8*$!
{
	archiveVersion = 1;
	classes = {
	};
	objectVersion = 55;
	objects = {

/* Begin PBXBuildFile section */
		5FE8D3BFEAA8BDE3F904183A /* Pods_ChatApp.framework in Frameworks */ = {isa = PBXBuildFile; fileRef = 2CCA8490668CDF997ECE710A /* Pods_ChatApp.framework */; };
		81E14978287B06C700BE0F69 /* AppDelegate.swift in Sources */ = {isa = PBXBuildFile; fileRef = 81E14977287B06C700BE0F69 /* AppDelegate.swift */; };
		81E1497A287B06C700BE0F69 /* SceneDelegate.swift in Sources */ = {isa = PBXBuildFile; fileRef = 81E14979287B06C700BE0F69 /* SceneDelegate.swift */; };
		81E1497C287B06C700BE0F69 /* ConversationsViewController.swift in Sources */ = {isa = PBXBuildFile; fileRef = 81E1497B287B06C700BE0F69 /* ConversationsViewController.swift */; };
		81E1497F287B06C700BE0F69 /* Main.storyboard in Resources */ = {isa = PBXBuildFile; fileRef = 81E1497D287B06C700BE0F69 /* Main.storyboard */; };
		81E14981287B06CB00BE0F69 /* Assets.xcassets in Resources */ = {isa = PBXBuildFile; fileRef = 81E14980287B06CB00BE0F69 /* Assets.xcassets */; };
		81E14984287B06CB00BE0F69 /* LaunchScreen.storyboard in Resources */ = {isa = PBXBuildFile; fileRef = 81E14982287B06CB00BE0F69 /* LaunchScreen.storyboard */; };
		81E14992287B09F100BE0F69 /* LoginViewController.swift in Sources */ = {isa = PBXBuildFile; fileRef = 81E14991287B09F100BE0F69 /* LoginViewController.swift */; };
		81E14994287B09FE00BE0F69 /* RegisterViewController.swift in Sources */ = {isa = PBXBuildFile; fileRef = 81E14993287B09FE00BE0F69 /* RegisterViewController.swift */; };
		81E14996287B0A1700BE0F69 /* PhotoViewerViewController.swift in Sources */ = {isa = PBXBuildFile; fileRef = 81E14995287B0A1700BE0F69 /* PhotoViewerViewController.swift */; };
		81E14998287B0A2200BE0F69 /* VideoPlayerViewController.swift in Sources */ = {isa = PBXBuildFile; fileRef = 81E14997287B0A2200BE0F69 /* VideoPlayerViewController.swift */; };
		81E1499A287B0A4200BE0F69 /* NewConversationViewController.swift in Sources */ = {isa = PBXBuildFile; fileRef = 81E14999287B0A4200BE0F69 /* NewConversationViewController.swift */; };
		81E1499C287B0A5C00BE0F69 /* ProfileViewController.swift in Sources */ = {isa = PBXBuildFile; fileRef = 81E1499B287B0A5C00BE0F69 /* ProfileViewController.swift */; };
		81E149A0287B686700BE0F69 /* Extensions.swift in Sources */ = {isa = PBXBuildFile; fileRef = 81E1499F287B686700BE0F69 /* Extensions.swift */; };
		81E149A2287BD14500BE0F69 /* GoogleService-Info.plist in Resources */ = {isa = PBXBuildFile; fileRef = 81E149A1287BD14500BE0F69 /* GoogleService-Info.plist */; };
/* End PBXBuildFile section */

/* Begin PBXFileReference section */
		2CCA8490668CDF997ECE710A /* Pods_ChatApp.framework */ = {isa = PBXFileReference; explicitFileType = wrapper.framework; includeInIndex = 0; path = Pods_ChatApp.framework; sourceTree = BUILT_PRODUCTS_DIR; };
		81E14974287B06C700BE0F69 /* ChatApp.app */ = {isa = PBXFileReference; explicitFileType = wrapper.application; includeInIndex = 0; path = ChatApp.app; sourceTree = BUILT_PRODUCTS_DIR; };
		81E14977287B06C700BE0F69 /* AppDelegate.swift */ = {isa = PBXFileReference; lastKnownFileType = sourcecode.swift; path = AppDelegate.swift; sourceTree = "<group>"; };
		81E14979287B06C700BE0F69 /* SceneDelegate.swift */ = {isa = PBXFileReference; lastKnownFileType = sourcecode.swift; path = SceneDelegate.swift; sourceTree = "<group>"; };
		81E1497B287B06C700BE0F69 /* ConversationsViewController.swift */ = {isa = PBXFileReference; lastKnownFileType = sourcecode.swift; path = ConversationsViewController.swift; sourceTree = "<group>"; };
		81E1497E287B06C700BE0F69 /* Base */ = {isa = PBXFileReference; lastKnownFileType = file.storyboard; name = Base; path = Base.lproj/Main.storyboard; sourceTree = "<group>"; };
		81E14980287B06CB00BE0F69 /* Assets.xcassets */ = {isa = PBXFileReference; lastKnownFileType = folder.assetcatalog; path = Assets.xcassets; sourceTree = "<group>"; };
		81E14983287B06CB00BE0F69 /* Base */ = {isa = PBXFileReference; lastKnownFileType = file.storyboard; name = Base; path = Base.lproj/LaunchScreen.storyboard; sourceTree = "<group>"; };
		81E14985287B06CB00BE0F69 /* Info.plist */ = {isa = PBXFileReference; lastKnownFileType = text.plist.xml; path = Info.plist; sourceTree = "<group>"; };
		81E14991287B09F100BE0F69 /* LoginViewController.swift */ = {isa = PBXFileReference; lastKnownFileType = sourcecode.swift; path = LoginViewController.swift; sourceTree = "<group>"; };
		81E14993287B09FE00BE0F69 /* RegisterViewController.swift */ = {isa = PBXFileReference; lastKnownFileType = sourcecode.swift; path = RegisterViewController.swift; sourceTree = "<group>"; };
		81E14995287B0A1700BE0F69 /* PhotoViewerViewController.swift */ = {isa = PBXFileReference; lastKnownFileType = sourcecode.swift; path = PhotoViewerViewController.swift; sourceTree = "<group>"; };
		81E14997287B0A2200BE0F69 /* VideoPlayerViewController.swift */ = {isa = PBXFileReference; lastKnownFileType = sourcecode.swift; path = VideoPlayerViewController.swift; sourceTree = "<group>"; };
		81E14999287B0A4200BE0F69 /* NewConversationViewController.swift */ = {isa = PBXFileReference; lastKnownFileType = sourcecode.swift; path = NewConversationViewController.swift; sourceTree = "<group>"; };
		81E1499B287B0A5C00BE0F69 /* ProfileViewController.swift */ = {isa = PBXFileReference; lastKnownFileType = sourcecode.swift; path = ProfileViewController.swift; sourceTree = "<group>"; };
		81E1499F287B686700BE0F69 /* Extensions.swift */ = {isa = PBXFileReference; lastKnownFileType = sourcecode.swift; path = Extensions.swift; sourceTree = "<group>"; };
		81E149A1287BD14500BE0F69 /* GoogleService-Info.plist */ = {isa = PBXFileReference; fileEncoding = 4; lastKnownFileType = text.plist.xml; path = "GoogleService-Info.plist"; sourceTree = "<group>"; };
		B25AFD0ABAFC008A9F8E0CF1 /* Pods-ChatApp.release.xcconfig */ = {isa = PBXFileReference; includeInIndex = 1; lastKnownFileType = text.xcconfig; name = "Pods-ChatApp.release.xcconfig"; path = "Target Support Files/Pods-ChatApp/Pods-ChatApp.release.xcconfig"; sourceTree = "<group>"; };
		B4E3838C33D35BB9A6E0ADBA /* Pods-ChatApp.debug.xcconfig */ = {isa = PBXFileReference; includeInIndex = 1; lastKnownFileType = text.xcconfig; name = "Pods-ChatApp.debug.xcconfig"; path = "Target Support Files/Pods-ChatApp/Pods-ChatApp.debug.xcconfig"; sourceTree = "<group>"; };
/* End PBXFileReference section */

/* Begin PBXFrameworksBuildPhase section */
		81E14971287B06C600BE0F69 /* Frameworks */ = {
			isa = PBXFrameworksBuildPhase;
			buildActionMask = 2147483647;
			files = (
				5FE8D3BFEAA8BDE3F904183A /* Pods_ChatApp.framework in Frameworks */,
			);
			runOnlyForDeploymentPostprocessing = 0;
		};
/* End PBXFrameworksBuildPhase section */

/* Begin PBXGroup section */
		06346841ADD764D639AEFAF4 /* Pods */ = {
			isa = PBXGroup;
			children = (
				B4E3838C33D35BB9A6E0ADBA /* Pods-ChatApp.debug.xcconfig */,
				B25AFD0ABAFC008A9F8E0CF1 /* Pods-ChatApp.release.xcconfig */,
			);
			path = Pods;
			sourceTree = "<group>";
		};
		277EFF2F997D7275F09AC893 /* Frameworks */ = {
			isa = PBXGroup;
			children = (
				2CCA8490668CDF997ECE710A /* Pods_ChatApp.framework */,
			);
			name = Frameworks;
			sourceTree = "<group>";
		};
		81E1496B287B06C600BE0F69 = {
			isa = PBXGroup;
			children = (
				81E14976287B06C700BE0F69 /* ChatApp */,
				81E14975287B06C700BE0F69 /* Products */,
				06346841ADD764D639AEFAF4 /* Pods */,
				277EFF2F997D7275F09AC893 /* Frameworks */,
			);
			sourceTree = "<group>";
		};
		81E14975287B06C700BE0F69 /* Products */ = {
			isa = PBXGroup;
			children = (
				81E14974287B06C700BE0F69 /* ChatApp.app */,
			);
			name = Products;
			sourceTree = "<group>";
		};
		81E14976287B06C700BE0F69 /* ChatApp */ = {
			isa = PBXGroup;
			children = (
				81E1498F287B089700BE0F69 /* Resources */,
				81E1498E287B089000BE0F69 /* Views */,
				81E1498D287B087A00BE0F69 /* ViewModels */,
				81E1498C287B087200BE0F69 /* Models */,
				81E1498B287B086100BE0F69 /* Controllers */,
				81E14985287B06CB00BE0F69 /* Info.plist */,
				81E149A1287BD14500BE0F69 /* GoogleService-Info.plist */,
			);
			path = ChatApp;
			sourceTree = "<group>";
		};
		81E1498B287B086100BE0F69 /* Controllers */ = {
			isa = PBXGroup;
			children = (
				81E1497B287B06C700BE0F69 /* ConversationsViewController.swift */,
				81E1499E287B639C00BE0F69 /* Login */,
				81E14995287B0A1700BE0F69 /* PhotoViewerViewController.swift */,
				81E14997287B0A2200BE0F69 /* VideoPlayerViewController.swift */,
				81E14999287B0A4200BE0F69 /* NewConversationViewController.swift */,
				81E1499B287B0A5C00BE0F69 /* ProfileViewController.swift */,
			);
			path = Controllers;
			sourceTree = "<group>";
		};
		81E1498C287B087200BE0F69 /* Models */ = {
			isa = PBXGroup;
			children = (
			);
			path = Models;
			sourceTree = "<group>";
		};
		81E1498D287B087A00BE0F69 /* ViewModels */ = {
			isa = PBXGroup;
			children = (
			);
			path = ViewModels;
			sourceTree = "<group>";
		};
		81E1498E287B089000BE0F69 /* Views */ = {
			isa = PBXGroup;
			children = (
				81E14990287B08C900BE0F69 /* Storyboards */,
				81E14980287B06CB00BE0F69 /* Assets.xcassets */,
			);
			path = Views;
			sourceTree = "<group>";
		};
		81E1498F287B089700BE0F69 /* Resources */ = {
			isa = PBXGroup;
			children = (
				81E14977287B06C700BE0F69 /* AppDelegate.swift */,
				81E14979287B06C700BE0F69 /* SceneDelegate.swift */,
				81E1499F287B686700BE0F69 /* Extensions.swift */,
			);
			path = Resources;
			sourceTree = "<group>";
		};
		81E14990287B08C900BE0F69 /* Storyboards */ = {
			isa = PBXGroup;
			children = (
				81E1497D287B06C700BE0F69 /* Main.storyboard */,
				81E14982287B06CB00BE0F69 /* LaunchScreen.storyboard */,
			);
			path = Storyboards;
			sourceTree = "<group>";
		};
		81E1499E287B639C00BE0F69 /* Login */ = {
			isa = PBXGroup;
			children = (
				81E14991287B09F100BE0F69 /* LoginViewController.swift */,
				81E14993287B09FE00BE0F69 /* RegisterViewController.swift */,
			);
			path = Login;
			sourceTree = "<group>";
		};
/* End PBXGroup section */

/* Begin PBXNativeTarget section */
		81E14973287B06C600BE0F69 /* ChatApp */ = {
			isa = PBXNativeTarget;
			buildConfigurationList = 81E14988287B06CB00BE0F69 /* Build configuration list for PBXNativeTarget "ChatApp" */;
			buildPhases = (
				09D32A78A5EA358472BCD1EA /* [CP] Check Pods Manifest.lock */,
				81E14970287B06C600BE0F69 /* Sources */,
				81E14971287B06C600BE0F69 /* Frameworks */,
				81E14972287B06C600BE0F69 /* Resources */,
				449881DFC1504DEC1AD06DFB /* [CP] Embed Pods Frameworks */,
			);
			buildRules = (
			);
			dependencies = (
			);
			name = ChatApp;
			productName = ChatApp;
			productReference = 81E14974287B06C700BE0F69 /* ChatApp.app */;
			productType = "com.apple.product-type.application";
		};
/* End PBXNativeTarget section */

/* Begin PBXProject section */
		81E1496C287B06C600BE0F69 /* Project object */ = {
			isa = PBXProject;
			attributes = {
				BuildIndependentTargetsInParallel = 1;
				LastSwiftUpdateCheck = 1330;
				LastUpgradeCheck = 1330;
				TargetAttributes = {
					81E14973287B06C600BE0F69 = {
						CreatedOnToolsVersion = 13.3;
					};
				};
			};
			buildConfigurationList = 81E1496F287B06C600BE0F69 /* Build configuration list for PBXProject "ChatApp" */;
			compatibilityVersion = "Xcode 13.0";
			developmentRegion = en;
			hasScannedForEncodings = 0;
			knownRegions = (
				en,
				Base,
			);
			mainGroup = 81E1496B287B06C600BE0F69;
			productRefGroup = 81E14975287B06C700BE0F69 /* Products */;
			projectDirPath = "";
			projectRoot = "";
			targets = (
				81E14973287B06C600BE0F69 /* ChatApp */,
			);
		};
/* End PBXProject section */

/* Begin PBXResourcesBuildPhase section */
		81E14972287B06C600BE0F69 /* Resources */ = {
			isa = PBXResourcesBuildPhase;
			buildActionMask = 2147483647;
			files = (
				81E14984287B06CB00BE0F69 /* LaunchScreen.storyboard in Resources */,
				81E149A2287BD14500BE0F69 /* GoogleService-Info.plist in Resources */,
				81E14981287B06CB00BE0F69 /* Assets.xcassets in Resources */,
				81E1497F287B06C700BE0F69 /* Main.storyboard in Resources */,
			);
			runOnlyForDeploymentPostprocessing = 0;
		};
/* End PBXResourcesBuildPhase section */

/* Begin PBXShellScriptBuildPhase section */
		09D32A78A5EA358472BCD1EA /* [CP] Check Pods Manifest.lock */ = {
			isa = PBXShellScriptBuildPhase;
			buildActionMask = 2147483647;
			files = (
			);
			inputFileListPaths = (
			);
			inputPaths = (
				"${PODS_PODFILE_DIR_PATH}/Podfile.lock",
				"${PODS_ROOT}/Manifest.lock",
			);
			name = "[CP] Check Pods Manifest.lock";
			outputFileListPaths = (
			);
			outputPaths = (
				"$(DERIVED_FILE_DIR)/Pods-ChatApp-checkManifestLockResult.txt",
			);
			runOnlyForDeploymentPostprocessing = 0;
			shellPath = /bin/sh;
			shellScript = "diff \"${PODS_PODFILE_DIR_PATH}/Podfile.lock\" \"${PODS_ROOT}/Manifest.lock\" > /dev/null\nif [ $? != 0 ] ; then\n    # print error to STDERR\n    echo \"error: The sandbox is not in sync with the Podfile.lock. Run 'pod install' or update your CocoaPods installation.\" >&2\n    exit 1\nfi\n# This output is used by Xcode 'outputs' to avoid re-running this script phase.\necho \"SUCCESS\" > \"${SCRIPT_OUTPUT_FILE_0}\"\n";
			showEnvVarsInLog = 0;
		};
		449881DFC1504DEC1AD06DFB /* [CP] Embed Pods Frameworks */ = {
			isa = PBXShellScriptBuildPhase;
			buildActionMask = 2147483647;
			files = (
			);
			inputFileListPaths = (
				"${PODS_ROOT}/Target Support Files/Pods-ChatApp/Pods-ChatApp-frameworks-${CONFIGURATION}-input-files.xcfilelist",
			);
			name = "[CP] Embed Pods Frameworks";
			outputFileListPaths = (
				"${PODS_ROOT}/Target Support Files/Pods-ChatApp/Pods-ChatApp-frameworks-${CONFIGURATION}-output-files.xcfilelist",
			);
			runOnlyForDeploymentPostprocessing = 0;
			shellPath = /bin/sh;
			shellScript = "\"${PODS_ROOT}/Target Support Files/Pods-ChatApp/Pods-ChatApp-frameworks.sh\"\n";
			showEnvVarsInLog = 0;
		};
/* End PBXShellScriptBuildPhase section */

/* Begin PBXSourcesBuildPhase section */
		81E14970287B06C600BE0F69 /* Sources */ = {
			isa = PBXSourcesBuildPhase;
			buildActionMask = 2147483647;
			files = (
				81E14992287B09F100BE0F69 /* LoginViewController.swift in Sources */,
				81E14994287B09FE00BE0F69 /* RegisterViewController.swift in Sources */,
				81E1499A287B0A4200BE0F69 /* NewConversationViewController.swift in Sources */,
				81E1497C287B06C700BE0F69 /* ConversationsViewController.swift in Sources */,
				81E14998287B0A2200BE0F69 /* VideoPlayerViewController.swift in Sources */,
				81E149A0287B686700BE0F69 /* Extensions.swift in Sources */,
				81E14978287B06C700BE0F69 /* AppDelegate.swift in Sources */,
				81E1499C287B0A5C00BE0F69 /* ProfileViewController.swift in Sources */,
				81E1497A287B06C700BE0F69 /* SceneDelegate.swift in Sources */,
				81E14996287B0A1700BE0F69 /* PhotoViewerViewController.swift in Sources */,
			);
			runOnlyForDeploymentPostprocessing = 0;
		};
/* End PBXSourcesBuildPhase section */

/* Begin PBXVariantGroup section */
		81E1497D287B06C700BE0F69 /* Main.storyboard */ = {
			isa = PBXVariantGroup;
			children = (
				81E1497E287B06C700BE0F69 /* Base */,
			);
			name = Main.storyboard;
			sourceTree = "<group>";
		};
		81E14982287B06CB00BE0F69 /* LaunchScreen.storyboard */ = {
			isa = PBXVariantGroup;
			children = (
				81E14983287B06CB00BE0F69 /* Base */,
			);
			name = LaunchScreen.storyboard;
			sourceTree = "<group>";
		};
/* End PBXVariantGroup section */

/* Begin XCBuildConfiguration section */
		81E14986287B06CB00BE0F69 /* Debug */ = {
			isa = XCBuildConfiguration;
			buildSettings = {
				ALWAYS_SEARCH_USER_PATHS = NO;
				CLANG_ANALYZER_NONNULL = YES;
				CLANG_ANALYZER_NUMBER_OBJECT_CONVERSION = YES_AGGRESSIVE;
				CLANG_CXX_LANGUAGE_STANDARD = "gnu++17";
				CLANG_ENABLE_MODULES = YES;
				CLANG_ENABLE_OBJC_ARC = YES;
				CLANG_ENABLE_OBJC_WEAK = YES;
				CLANG_WARN_BLOCK_CAPTURE_AUTORELEASING = YES;
				CLANG_WARN_BOOL_CONVERSION = YES;
				CLANG_WARN_COMMA = YES;
				CLANG_WARN_CONSTANT_CONVERSION = YES;
				CLANG_WARN_DEPRECATED_OBJC_IMPLEMENTATIONS = YES;
				CLANG_WARN_DIRECT_OBJC_ISA_USAGE = YES_ERROR;
				CLANG_WARN_DOCUMENTATION_COMMENTS = YES;
				CLANG_WARN_EMPTY_BODY = YES;
				CLANG_WARN_ENUM_CONVERSION = YES;
				CLANG_WARN_INFINITE_RECURSION = YES;
				CLANG_WARN_INT_CONVERSION = YES;
				CLANG_WARN_NON_LITERAL_NULL_CONVERSION = YES;
				CLANG_WARN_OBJC_IMPLICIT_RETAIN_SELF = YES;
				CLANG_WARN_OBJC_LITERAL_CONVERSION = YES;
				CLANG_WARN_OBJC_ROOT_CLASS = YES_ERROR;
				CLANG_WARN_QUOTED_INCLUDE_IN_FRAMEWORK_HEADER = YES;
				CLANG_WARN_RANGE_LOOP_ANALYSIS = YES;
				CLANG_WARN_STRICT_PROTOTYPES = YES;
				CLANG_WARN_SUSPICIOUS_MOVE = YES;
				CLANG_WARN_UNGUARDED_AVAILABILITY = YES_AGGRESSIVE;
				CLANG_WARN_UNREACHABLE_CODE = YES;
				CLANG_WARN__DUPLICATE_METHOD_MATCH = YES;
				COPY_PHASE_STRIP = NO;
				DEBUG_INFORMATION_FORMAT = dwarf;
				ENABLE_STRICT_OBJC_MSGSEND = YES;
				ENABLE_TESTABILITY = YES;
				GCC_C_LANGUAGE_STANDARD = gnu11;
				GCC_DYNAMIC_NO_PIC = NO;
				GCC_NO_COMMON_BLOCKS = YES;
				GCC_OPTIMIZATION_LEVEL = 0;
				GCC_PREPROCESSOR_DEFINITIONS = (
					"DEBUG=1",
					"$(inherited)",
				);
				GCC_WARN_64_TO_32_BIT_CONVERSION = YES;
				GCC_WARN_ABOUT_RETURN_TYPE = YES_ERROR;
				GCC_WARN_UNDECLARED_SELECTOR = YES;
				GCC_WARN_UNINITIALIZED_AUTOS = YES_AGGRESSIVE;
				GCC_WARN_UNUSED_FUNCTION = YES;
				GCC_WARN_UNUSED_VARIABLE = YES;
				IPHONEOS_DEPLOYMENT_TARGET = 15.4;
				MTL_ENABLE_DEBUG_INFO = INCLUDE_SOURCE;
				MTL_FAST_MATH = YES;
				ONLY_ACTIVE_ARCH = YES;
				SDKROOT = iphoneos;
				SWIFT_ACTIVE_COMPILATION_CONDITIONS = DEBUG;
				SWIFT_OPTIMIZATION_LEVEL = "-Onone";
			};
			name = Debug;
		};
		81E14987287B06CB00BE0F69 /* Release */ = {
			isa = XCBuildConfiguration;
			buildSettings = {
				ALWAYS_SEARCH_USER_PATHS = NO;
				CLANG_ANALYZER_NONNULL = YES;
				CLANG_ANALYZER_NUMBER_OBJECT_CONVERSION = YES_AGGRESSIVE;
				CLANG_CXX_LANGUAGE_STANDARD = "gnu++17";
				CLANG_ENABLE_MODULES = YES;
				CLANG_ENABLE_OBJC_ARC = YES;
				CLANG_ENABLE_OBJC_WEAK = YES;
				CLANG_WARN_BLOCK_CAPTURE_AUTORELEASING = YES;
				CLANG_WARN_BOOL_CONVERSION = YES;
				CLANG_WARN_COMMA = YES;
				CLANG_WARN_CONSTANT_CONVERSION = YES;
				CLANG_WARN_DEPRECATED_OBJC_IMPLEMENTATIONS = YES;
				CLANG_WARN_DIRECT_OBJC_ISA_USAGE = YES_ERROR;
				CLANG_WARN_DOCUMENTATION_COMMENTS = YES;
				CLANG_WARN_EMPTY_BODY = YES;
				CLANG_WARN_ENUM_CONVERSION = YES;
				CLANG_WARN_INFINITE_RECURSION = YES;
				CLANG_WARN_INT_CONVERSION = YES;
				CLANG_WARN_NON_LITERAL_NULL_CONVERSION = YES;
				CLANG_WARN_OBJC_IMPLICIT_RETAIN_SELF = YES;
				CLANG_WARN_OBJC_LITERAL_CONVERSION = YES;
				CLANG_WARN_OBJC_ROOT_CLASS = YES_ERROR;
				CLANG_WARN_QUOTED_INCLUDE_IN_FRAMEWORK_HEADER = YES;
				CLANG_WARN_RANGE_LOOP_ANALYSIS = YES;
				CLANG_WARN_STRICT_PROTOTYPES = YES;
				CLANG_WARN_SUSPICIOUS_MOVE = YES;
				CLANG_WARN_UNGUARDED_AVAILABILITY = YES_AGGRESSIVE;
				CLANG_WARN_UNREACHABLE_CODE = YES;
				CLANG_WARN__DUPLICATE_METHOD_MATCH = YES;
				COPY_PHASE_STRIP = NO;
				DEBUG_INFORMATION_FORMAT = "dwarf-with-dsym";
				ENABLE_NS_ASSERTIONS = NO;
				ENABLE_STRICT_OBJC_MSGSEND = YES;
				GCC_C_LANGUAGE_STANDARD = gnu11;
				GCC_NO_COMMON_BLOCKS = YES;
				GCC_WARN_64_TO_32_BIT_CONVERSION = YES;
				GCC_WARN_ABOUT_RETURN_TYPE = YES_ERROR;
				GCC_WARN_UNDECLARED_SELECTOR = YES;
				GCC_WARN_UNINITIALIZED_AUTOS = YES_AGGRESSIVE;
				GCC_WARN_UNUSED_FUNCTION = YES;
				GCC_WARN_UNUSED_VARIABLE = YES;
				IPHONEOS_DEPLOYMENT_TARGET = 15.4;
				MTL_ENABLE_DEBUG_INFO = NO;
				MTL_FAST_MATH = YES;
				SDKROOT = iphoneos;
				SWIFT_COMPILATION_MODE = wholemodule;
				SWIFT_OPTIMIZATION_LEVEL = "-O";
				VALIDATE_PRODUCT = YES;
			};
			name = Release;
		};
		81E14989287B06CB00BE0F69 /* Debug */ = {
			isa = XCBuildConfiguration;
			baseConfigurationReference = B4E3838C33D35BB9A6E0ADBA /* Pods-ChatApp.debug.xcconfig */;
			buildSettings = {
				ASSETCATALOG_COMPILER_APPICON_NAME = AppIcon;
				ASSETCATALOG_COMPILER_GLOBAL_ACCENT_COLOR_NAME = AccentColor;
				CODE_SIGN_STYLE = Automatic;
				CURRENT_PROJECT_VERSION = 1;
				DEVELOPMENT_TEAM = 3JJ93A2BCZ;
				GENERATE_INFOPLIST_FILE = YES;
				INFOPLIST_FILE = ChatApp/Info.plist;
				INFOPLIST_KEY_UIApplicationSupportsIndirectInputEvents = YES;
				INFOPLIST_KEY_UILaunchStoryboardName = LaunchScreen;
				INFOPLIST_KEY_UIMainStoryboardFile = Main;
				INFOPLIST_KEY_UISupportedInterfaceOrientations = UIInterfaceOrientationPortrait;
				INFOPLIST_KEY_UISupportedInterfaceOrientations_iPad = "UIInterfaceOrientationPortrait UIInterfaceOrientationPortraitUpsideDown UIInterfaceOrientationLandscapeLeft UIInterfaceOrientationLandscapeRight";
				INFOPLIST_KEY_UISupportedInterfaceOrientations_iPhone = "UIInterfaceOrientationPortrait UIInterfaceOrientationLandscapeLeft UIInterfaceOrientationLandscapeRight";
				IPHONEOS_DEPLOYMENT_TARGET = 13.0;
				LD_RUNPATH_SEARCH_PATHS = (
					"$(inherited)",
					"@executable_path/Frameworks",
				);
				MARKETING_VERSION = 1.0;
				PRODUCT_BUNDLE_IDENTIFIER = edu.wustl.ChatApp;
				PRODUCT_NAME = "$(TARGET_NAME)";
				SWIFT_EMIT_LOC_STRINGS = YES;
				SWIFT_VERSION = 5.0;
				TARGETED_DEVICE_FAMILY = "1,2";
			};
			name = Debug;
		};
		81E1498A287B06CB00BE0F69 /* Release */ = {
			isa = XCBuildConfiguration;
			baseConfigurationReference = B25AFD0ABAFC008A9F8E0CF1 /* Pods-ChatApp.release.xcconfig */;
			buildSettings = {
				ASSETCATALOG_COMPILER_APPICON_NAME = AppIcon;
				ASSETCATALOG_COMPILER_GLOBAL_ACCENT_COLOR_NAME = AccentColor;
				CODE_SIGN_STYLE = Automatic;
				CURRENT_PROJECT_VERSION = 1;
				DEVELOPMENT_TEAM = 3JJ93A2BCZ;
				GENERATE_INFOPLIST_FILE = YES;
				INFOPLIST_FILE = ChatApp/Info.plist;
				INFOPLIST_KEY_UIApplicationSupportsIndirectInputEvents = YES;
				INFOPLIST_KEY_UILaunchStoryboardName = LaunchScreen;
				INFOPLIST_KEY_UIMainStoryboardFile = Main;
				INFOPLIST_KEY_UISupportedInterfaceOrientations = UIInterfaceOrientationPortrait;
				INFOPLIST_KEY_UISupportedInterfaceOrientations_iPad = "UIInterfaceOrientationPortrait UIInterfaceOrientationPortraitUpsideDown UIInterfaceOrientationLandscapeLeft UIInterfaceOrientationLandscapeRight";
				INFOPLIST_KEY_UISupportedInterfaceOrientations_iPhone = "UIInterfaceOrientationPortrait UIInterfaceOrientationLandscapeLeft UIInterfaceOrientationLandscapeRight";
				IPHONEOS_DEPLOYMENT_TARGET = 13.0;
				LD_RUNPATH_SEARCH_PATHS = (
					"$(inherited)",
					"@executable_path/Frameworks",
				);
				MARKETING_VERSION = 1.0;
				PRODUCT_BUNDLE_IDENTIFIER = edu.wustl.ChatApp;
				PRODUCT_NAME = "$(TARGET_NAME)";
				SWIFT_EMIT_LOC_STRINGS = YES;
				SWIFT_VERSION = 5.0;
				TARGETED_DEVICE_FAMILY = "1,2";
			};
			name = Release;
		};
/* End XCBuildConfiguration section */

/* Begin XCConfigurationList section */
		81E1496F287B06C600BE0F69 /* Build configuration list for PBXProject "ChatApp" */ = {
			isa = XCConfigurationList;
			buildConfigurations = (
				81E14986287B06CB00BE0F69 /* Debug */,
				81E14987287B06CB00BE0F69 /* Release */,
			);
			defaultConfigurationIsVisible = 0;
			defaultConfigurationName = Release;
		};
		81E14988287B06CB00BE0F69 /* Build configuration list for PBXNativeTarget "ChatApp" */ = {
			isa = XCConfigurationList;
			buildConfigurations = (
				81E14989287B06CB00BE0F69 /* Debug */,
				81E1498A287B06CB00BE0F69 /* Release */,
			);
			defaultConfigurationIsVisible = 0;
			defaultConfigurationName = Release;
		};
/* End XCConfigurationList section */
	};
	rootObject = 81E1496C287B06C600BE0F69 /* Project object */;
}
